
Microsoft Visual Studio Solution File, Format Version 12.00
# Visual Studio 15
VisualStudioVersion = 15.0.27428.2037
MinimumVisualStudioVersion = 10.0.40219.1
Project("{FAE04EC0-301F-11D3-BF4B-00C04F79EFBC}") = "SkillsChallenge.Android", "SkillsChallenge\SkillsChallenge.Android\SkillsChallenge.Android.csproj", "{A2F98030-5E0E-48DE-81BF-816C6624CDBD}"
EndProject
Project("{FAE04EC0-301F-11D3-BF4B-00C04F79EFBC}") = "SkillsChallenge.iOS", "SkillsChallenge\SkillsChallenge.iOS\SkillsChallenge.iOS.csproj", "{A6222953-9052-4E5A-A793-F25B97C040C9}"
EndProject
Project("{FAE04EC0-301F-11D3-BF4B-00C04F79EFBC}") = "SkillsChallenge.UWP", "SkillsChallenge\SkillsChallenge.UWP\SkillsChallenge.UWP.csproj", "{8E9F545C-79CD-4696-BF41-E35BD036354B}"
EndProject
Project("{FAE04EC0-301F-11D3-BF4B-00C04F79EFBC}") = "SkillsChallenge", "SkillsChallenge\SkillsChallenge\SkillsChallenge.csproj", "{53A8D14E-76AE-4B18-9280-9A755BE09138}"
EndProject
Global
	GlobalSection(SolutionConfigurationPlatforms) = preSolution
		Ad-Hoc|Any CPU = Ad-Hoc|Any CPU
		Ad-Hoc|ARM = Ad-Hoc|ARM
		Ad-Hoc|iPhone = Ad-Hoc|iPhone
		Ad-Hoc|iPhoneSimulator = Ad-Hoc|iPhoneSimulator
		Ad-Hoc|x64 = Ad-Hoc|x64
		Ad-Hoc|x86 = Ad-Hoc|x86
		AppStore|Any CPU = AppStore|Any CPU
		AppStore|ARM = AppStore|ARM
		AppStore|iPhone = AppStore|iPhone
		AppStore|iPhoneSimulator = AppStore|iPhoneSimulator
		AppStore|x64 = AppStore|x64
		AppStore|x86 = AppStore|x86
		Debug|Any CPU = Debug|Any CPU
		Debug|ARM = Debug|ARM
		Debug|iPhone = Debug|iPhone
		Debug|iPhoneSimulator = Debug|iPhoneSimulator
		Debug|x64 = Debug|x64
		Debug|x86 = Debug|x86
		Release|Any CPU = Release|Any CPU
		Release|ARM = Release|ARM
		Release|iPhone = Release|iPhone
		Release|iPhoneSimulator = Release|iPhoneSimulator
		Release|x64 = Release|x64
		Release|x86 = Release|x86
	EndGlobalSection
	GlobalSection(ProjectConfigurationPlatforms) = postSolution
		{A2F98030-5E0E-48DE-81BF-816C6624CDBD}.Ad-Hoc|Any CPU.ActiveCfg = Release|Any CPU
		{A2F98030-5E0E-48DE-81BF-816C6624CDBD}.Ad-Hoc|Any CPU.Build.0 = Release|Any CPU
		{A2F98030-5E0E-48DE-81BF-816C6624CDBD}.Ad-Hoc|Any CPU.Deploy.0 = Release|Any CPU
		{A2F98030-5E0E-48DE-81BF-816C6624CDBD}.Ad-Hoc|ARM.ActiveCfg = Release|Any CPU
		{A2F98030-5E0E-48DE-81BF-816C6624CDBD}.Ad-Hoc|ARM.Build.0 = Release|Any CPU
		{A2F98030-5E0E-48DE-81BF-816C6624CDBD}.Ad-Hoc|ARM.Deploy.0 = Release|Any CPU
		{A2F98030-5E0E-48DE-81BF-816C6624CDBD}.Ad-Hoc|iPhone.ActiveCfg = Release|Any CPU
		{A2F98030-5E0E-48DE-81BF-816C6624CDBD}.Ad-Hoc|iPhone.Build.0 = Release|Any CPU
		{A2F98030-5E0E-48DE-81BF-816C6624CDBD}.Ad-Hoc|iPhone.Deploy.0 = Release|Any CPU
		{A2F98030-5E0E-48DE-81BF-816C6624CDBD}.Ad-Hoc|iPhoneSimulator.ActiveCfg = Release|Any CPU
		{A2F98030-5E0E-48DE-81BF-816C6624CDBD}.Ad-Hoc|iPhoneSimulator.Build.0 = Release|Any CPU
		{A2F98030-5E0E-48DE-81BF-816C6624CDBD}.Ad-Hoc|iPhoneSimulator.Deploy.0 = Release|Any CPU
		{A2F98030-5E0E-48DE-81BF-816C6624CDBD}.Ad-Hoc|x64.ActiveCfg = Release|Any CPU
		{A2F98030-5E0E-48DE-81BF-816C6624CDBD}.Ad-Hoc|x64.Build.0 = Release|Any CPU
		{A2F98030-5E0E-48DE-81BF-816C6624CDBD}.Ad-Hoc|x64.Deploy.0 = Release|Any CPU
		{A2F98030-5E0E-48DE-81BF-816C6624CDBD}.Ad-Hoc|x86.ActiveCfg = Release|Any CPU
		{A2F98030-5E0E-48DE-81BF-816C6624CDBD}.Ad-Hoc|x86.Build.0 = Release|Any CPU
		{A2F98030-5E0E-48DE-81BF-816C6624CDBD}.Ad-Hoc|x86.Deploy.0 = Release|Any CPU
		{A2F98030-5E0E-48DE-81BF-816C6624CDBD}.AppStore|Any CPU.ActiveCfg = Release|Any CPU
		{A2F98030-5E0E-48DE-81BF-816C6624CDBD}.AppStore|Any CPU.Build.0 = Release|Any CPU
		{A2F98030-5E0E-48DE-81BF-816C6624CDBD}.AppStore|Any CPU.Deploy.0 = Release|Any CPU
		{A2F98030-5E0E-48DE-81BF-816C6624CDBD}.AppStore|ARM.ActiveCfg = Release|Any CPU
		{A2F98030-5E0E-48DE-81BF-816C6624CDBD}.AppStore|ARM.Build.0 = Release|Any CPU
		{A2F98030-5E0E-48DE-81BF-816C6624CDBD}.AppStore|ARM.Deploy.0 = Release|Any CPU
		{A2F98030-5E0E-48DE-81BF-816C6624CDBD}.AppStore|iPhone.ActiveCfg = Release|Any CPU
		{A2F98030-5E0E-48DE-81BF-816C6624CDBD}.AppStore|iPhone.Build.0 = Release|Any CPU
		{A2F98030-5E0E-48DE-81BF-816C6624CDBD}.AppStore|iPhone.Deploy.0 = Release|Any CPU
		{A2F98030-5E0E-48DE-81BF-816C6624CDBD}.AppStore|iPhoneSimulator.ActiveCfg = Release|Any CPU
		{A2F98030-5E0E-48DE-81BF-816C6624CDBD}.AppStore|iPhoneSimulator.Build.0 = Release|Any CPU
		{A2F98030-5E0E-48DE-81BF-816C6624CDBD}.AppStore|iPhoneSimulator.Deploy.0 = Release|Any CPU
		{A2F98030-5E0E-48DE-81BF-816C6624CDBD}.AppStore|x64.ActiveCfg = Release|Any CPU
		{A2F98030-5E0E-48DE-81BF-816C6624CDBD}.AppStore|x64.Build.0 = Release|Any CPU
		{A2F98030-5E0E-48DE-81BF-816C6624CDBD}.AppStore|x64.Deploy.0 = Release|Any CPU
		{A2F98030-5E0E-48DE-81BF-816C6624CDBD}.AppStore|x86.ActiveCfg = Release|Any CPU
		{A2F98030-5E0E-48DE-81BF-816C6624CDBD}.AppStore|x86.Build.0 = Release|Any CPU
		{A2F98030-5E0E-48DE-81BF-816C6624CDBD}.AppStore|x86.Deploy.0 = Release|Any CPU
		{A2F98030-5E0E-48DE-81BF-816C6624CDBD}.Debug|Any CPU.ActiveCfg = Debug|Any CPU
		{A2F98030-5E0E-48DE-81BF-816C6624CDBD}.Debug|Any CPU.Build.0 = Debug|Any CPU
		{A2F98030-5E0E-48DE-81BF-816C6624CDBD}.Debug|Any CPU.Deploy.0 = Debug|Any CPU
		{A2F98030-5E0E-48DE-81BF-816C6624CDBD}.Debug|ARM.ActiveCfg = Debug|Any CPU
		{A2F98030-5E0E-48DE-81BF-816C6624CDBD}.Debug|ARM.Build.0 = Debug|Any CPU
		{A2F98030-5E0E-48DE-81BF-816C6624CDBD}.Debug|ARM.Deploy.0 = Debug|Any CPU
		{A2F98030-5E0E-48DE-81BF-816C6624CDBD}.Debug|iPhone.ActiveCfg = Debug|Any CPU
		{A2F98030-5E0E-48DE-81BF-816C6624CDBD}.Debug|iPhone.Build.0 = Debug|Any CPU
		{A2F98030-5E0E-48DE-81BF-816C6624CDBD}.Debug|iPhone.Deploy.0 = Debug|Any CPU
		{A2F98030-5E0E-48DE-81BF-816C6624CDBD}.Debug|iPhoneSimulator.ActiveCfg = Debug|Any CPU
		{A2F98030-5E0E-48DE-81BF-816C6624CDBD}.Debug|iPhoneSimulator.Build.0 = Debug|Any CPU
		{A2F98030-5E0E-48DE-81BF-816C6624CDBD}.Debug|iPhoneSimulator.Deploy.0 = Debug|Any CPU
		{A2F98030-5E0E-48DE-81BF-816C6624CDBD}.Debug|x64.ActiveCfg = Debug|Any CPU
		{A2F98030-5E0E-48DE-81BF-816C6624CDBD}.Debug|x64.Build.0 = Debug|Any CPU
		{A2F98030-5E0E-48DE-81BF-816C6624CDBD}.Debug|x64.Deploy.0 = Debug|Any CPU
		{A2F98030-5E0E-48DE-81BF-816C6624CDBD}.Debug|x86.ActiveCfg = Debug|Any CPU
		{A2F98030-5E0E-48DE-81BF-816C6624CDBD}.Debug|x86.Build.0 = Debug|Any CPU
		{A2F98030-5E0E-48DE-81BF-816C6624CDBD}.Debug|x86.Deploy.0 = Debug|Any CPU
		{A2F98030-5E0E-48DE-81BF-816C6624CDBD}.Release|Any CPU.ActiveCfg = Release|Any CPU
		{A2F98030-5E0E-48DE-81BF-816C6624CDBD}.Release|Any CPU.Build.0 = Release|Any CPU
		{A2F98030-5E0E-48DE-81BF-816C6624CDBD}.Release|Any CPU.Deploy.0 = Release|Any CPU
		{A2F98030-5E0E-48DE-81BF-816C6624CDBD}.Release|ARM.ActiveCfg = Release|Any CPU
		{A2F98030-5E0E-48DE-81BF-816C6624CDBD}.Release|ARM.Build.0 = Release|Any CPU
		{A2F98030-5E0E-48DE-81BF-816C6624CDBD}.Release|ARM.Deploy.0 = Release|Any CPU
		{A2F98030-5E0E-48DE-81BF-816C6624CDBD}.Release|iPhone.ActiveCfg = Release|Any CPU
		{A2F98030-5E0E-48DE-81BF-816C6624CDBD}.Release|iPhone.Build.0 = Release|Any CPU
		{A2F98030-5E0E-48DE-81BF-816C6624CDBD}.Release|iPhone.Deploy.0 = Release|Any CPU
		{A2F98030-5E0E-48DE-81BF-816C6624CDBD}.Release|iPhoneSimulator.ActiveCfg = Release|Any CPU
		{A2F98030-5E0E-48DE-81BF-816C6624CDBD}.Release|iPhoneSimulator.Build.0 = Release|Any CPU
		{A2F98030-5E0E-48DE-81BF-816C6624CDBD}.Release|iPhoneSimulator.Deploy.0 = Release|Any CPU
		{A2F98030-5E0E-48DE-81BF-816C6624CDBD}.Release|x64.ActiveCfg = Release|Any CPU
		{A2F98030-5E0E-48DE-81BF-816C6624CDBD}.Release|x64.Build.0 = Release|Any CPU
		{A2F98030-5E0E-48DE-81BF-816C6624CDBD}.Release|x64.Deploy.0 = Release|Any CPU
		{A2F98030-5E0E-48DE-81BF-816C6624CDBD}.Release|x86.ActiveCfg = Release|Any CPU
		{A2F98030-5E0E-48DE-81BF-816C6624CDBD}.Release|x86.Build.0 = Release|Any CPU
		{A2F98030-5E0E-48DE-81BF-816C6624CDBD}.Release|x86.Deploy.0 = Release|Any CPU
		{A6222953-9052-4E5A-A793-F25B97C040C9}.Ad-Hoc|Any CPU.ActiveCfg = Ad-Hoc|iPhone
		{A6222953-9052-4E5A-A793-F25B97C040C9}.Ad-Hoc|ARM.ActiveCfg = Ad-Hoc|iPhone
		{A6222953-9052-4E5A-A793-F25B97C040C9}.Ad-Hoc|iPhone.ActiveCfg = Ad-Hoc|iPhone
		{A6222953-9052-4E5A-A793-F25B97C040C9}.Ad-Hoc|iPhone.Build.0 = Ad-Hoc|iPhone
		{A6222953-9052-4E5A-A793-F25B97C040C9}.Ad-Hoc|iPhoneSimulator.ActiveCfg = Ad-Hoc|iPhoneSimulator
		{A6222953-9052-4E5A-A793-F25B97C040C9}.Ad-Hoc|iPhoneSimulator.Build.0 = Ad-Hoc|iPhoneSimulator
		{A6222953-9052-4E5A-A793-F25B97C040C9}.Ad-Hoc|x64.ActiveCfg = Ad-Hoc|iPhone
		{A6222953-9052-4E5A-A793-F25B97C040C9}.Ad-Hoc|x86.ActiveCfg = Ad-Hoc|iPhone
		{A6222953-9052-4E5A-A793-F25B97C040C9}.AppStore|Any CPU.ActiveCfg = AppStore|iPhone
		{A6222953-9052-4E5A-A793-F25B97C040C9}.AppStore|ARM.ActiveCfg = AppStore|iPhone
		{A6222953-9052-4E5A-A793-F25B97C040C9}.AppStore|iPhone.ActiveCfg = AppStore|iPhone
		{A6222953-9052-4E5A-A793-F25B97C040C9}.AppStore|iPhone.Build.0 = AppStore|iPhone
		{A6222953-9052-4E5A-A793-F25B97C040C9}.AppStore|iPhoneSimulator.ActiveCfg = AppStore|iPhoneSimulator
		{A6222953-9052-4E5A-A793-F25B97C040C9}.AppStore|iPhoneSimulator.Build.0 = AppStore|iPhoneSimulator
		{A6222953-9052-4E5A-A793-F25B97C040C9}.AppStore|x64.ActiveCfg = AppStore|iPhone
		{A6222953-9052-4E5A-A793-F25B97C040C9}.AppStore|x86.ActiveCfg = AppStore|iPhone
		{A6222953-9052-4E5A-A793-F25B97C040C9}.Debug|Any CPU.ActiveCfg = Debug|iPhone
		{A6222953-9052-4E5A-A793-F25B97C040C9}.Debug|ARM.ActiveCfg = Debug|iPhone
		{A6222953-9052-4E5A-A793-F25B97C040C9}.Debug|iPhone.ActiveCfg = Debug|iPhone
		{A6222953-9052-4E5A-A793-F25B97C040C9}.Debug|iPhone.Build.0 = Debug|iPhone
		{A6222953-9052-4E5A-A793-F25B97C040C9}.Debug|iPhoneSimulator.ActiveCfg = Debug|iPhoneSimulator
		{A6222953-9052-4E5A-A793-F25B97C040C9}.Debug|iPhoneSimulator.Build.0 = Debug|iPhoneSimulator
		{A6222953-9052-4E5A-A793-F25B97C040C9}.Debug|x64.ActiveCfg = Debug|iPhone
		{A6222953-9052-4E5A-A793-F25B97C040C9}.Debug|x86.ActiveCfg = Debug|iPhone
		{A6222953-9052-4E5A-A793-F25B97C040C9}.Release|Any CPU.ActiveCfg = Release|iPhone
		{A6222953-9052-4E5A-A793-F25B97C040C9}.Release|ARM.ActiveCfg = Release|iPhone
		{A6222953-9052-4E5A-A793-F25B97C040C9}.Release|iPhone.ActiveCfg = Release|iPhone
		{A6222953-9052-4E5A-A793-F25B97C040C9}.Release|iPhone.Build.0 = Release|iPhone
		{A6222953-9052-4E5A-A793-F25B97C040C9}.Release|iPhoneSimulator.ActiveCfg = Release|iPhoneSimulator
		{A6222953-9052-4E5A-A793-F25B97C040C9}.Release|iPhoneSimulator.Build.0 = Release|iPhoneSimulator
		{A6222953-9052-4E5A-A793-F25B97C040C9}.Release|x64.ActiveCfg = Release|iPhone
		{A6222953-9052-4E5A-A793-F25B97C040C9}.Release|x86.ActiveCfg = Release|iPhone
		{8E9F545C-79CD-4696-BF41-E35BD036354B}.Ad-Hoc|Any CPU.ActiveCfg = Release|x86
		{8E9F545C-79CD-4696-BF41-E35BD036354B}.Ad-Hoc|Any CPU.Build.0 = Release|x86
		{8E9F545C-79CD-4696-BF41-E35BD036354B}.Ad-Hoc|Any CPU.Deploy.0 = Release|x86
		{8E9F545C-79CD-4696-BF41-E35BD036354B}.Ad-Hoc|ARM.ActiveCfg = Release|ARM
		{8E9F545C-79CD-4696-BF41-E35BD036354B}.Ad-Hoc|ARM.Build.0 = Release|ARM
		{8E9F545C-79CD-4696-BF41-E35BD036354B}.Ad-Hoc|ARM.Deploy.0 = Release|ARM
		{8E9F545C-79CD-4696-BF41-E35BD036354B}.Ad-Hoc|iPhone.ActiveCfg = Release|x86
		{8E9F545C-79CD-4696-BF41-E35BD036354B}.Ad-Hoc|iPhone.Build.0 = Release|x86
		{8E9F545C-79CD-4696-BF41-E35BD036354B}.Ad-Hoc|iPhone.Deploy.0 = Release|x86
		{8E9F545C-79CD-4696-BF41-E35BD036354B}.Ad-Hoc|iPhoneSimulator.ActiveCfg = Release|x86
		{8E9F545C-79CD-4696-BF41-E35BD036354B}.Ad-Hoc|iPhoneSimulator.Build.0 = Release|x86
		{8E9F545C-79CD-4696-BF41-E35BD036354B}.Ad-Hoc|iPhoneSimulator.Deploy.0 = Release|x86
		{8E9F545C-79CD-4696-BF41-E35BD036354B}.Ad-Hoc|x64.ActiveCfg = Release|x64
		{8E9F545C-79CD-4696-BF41-E35BD036354B}.Ad-Hoc|x64.Build.0 = Release|x64
		{8E9F545C-79CD-4696-BF41-E35BD036354B}.Ad-Hoc|x64.Deploy.0 = Release|x64
		{8E9F545C-79CD-4696-BF41-E35BD036354B}.Ad-Hoc|x86.ActiveCfg = Release|x86
		{8E9F545C-79CD-4696-BF41-E35BD036354B}.Ad-Hoc|x86.Build.0 = Release|x86
		{8E9F545C-79CD-4696-BF41-E35BD036354B}.Ad-Hoc|x86.Deploy.0 = Release|x86
		{8E9F545C-79CD-4696-BF41-E35BD036354B}.AppStore|Any CPU.ActiveCfg = Release|x86
		{8E9F545C-79CD-4696-BF41-E35BD036354B}.AppStore|Any CPU.Build.0 = Release|x86
		{8E9F545C-79CD-4696-BF41-E35BD036354B}.AppStore|Any CPU.Deploy.0 = Release|x86
		{8E9F545C-79CD-4696-BF41-E35BD036354B}.AppStore|ARM.ActiveCfg = Release|ARM
		{8E9F545C-79CD-4696-BF41-E35BD036354B}.AppStore|ARM.Build.0 = Release|ARM
		{8E9F545C-79CD-4696-BF41-E35BD036354B}.AppStore|ARM.Deploy.0 = Release|ARM
		{8E9F545C-79CD-4696-BF41-E35BD036354B}.AppStore|iPhone.ActiveCfg = Release|x86
		{8E9F545C-79CD-4696-BF41-E35BD036354B}.AppStore|iPhone.Build.0 = Release|x86
		{8E9F545C-79CD-4696-BF41-E35BD036354B}.AppStore|iPhone.Deploy.0 = Release|x86
		{8E9F545C-79CD-4696-BF41-E35BD036354B}.AppStore|iPhoneSimulator.ActiveCfg = Release|x86
		{8E9F545C-79CD-4696-BF41-E35BD036354B}.AppStore|iPhoneSimulator.Build.0 = Release|x86
		{8E9F545C-79CD-4696-BF41-E35BD036354B}.AppStore|iPhoneSimulator.Deploy.0 = Release|x86
		{8E9F545C-79CD-4696-BF41-E35BD036354B}.AppStore|x64.ActiveCfg = Release|x64
		{8E9F545C-79CD-4696-BF41-E35BD036354B}.AppStore|x64.Build.0 = Release|x64
		{8E9F545C-79CD-4696-BF41-E35BD036354B}.AppStore|x64.Deploy.0 = Release|x64
		{8E9F545C-79CD-4696-BF41-E35BD036354B}.AppStore|x86.ActiveCfg = Release|x86
		{8E9F545C-79CD-4696-BF41-E35BD036354B}.AppStore|x86.Build.0 = Release|x86
		{8E9F545C-79CD-4696-BF41-E35BD036354B}.AppStore|x86.Deploy.0 = Release|x86
		{8E9F545C-79CD-4696-BF41-E35BD036354B}.Debug|Any CPU.ActiveCfg = Debug|x86
		{8E9F545C-79CD-4696-BF41-E35BD036354B}.Debug|ARM.ActiveCfg = Debug|ARM
		{8E9F545C-79CD-4696-BF41-E35BD036354B}.Debug|ARM.Build.0 = Debug|ARM
		{8E9F545C-79CD-4696-BF41-E35BD036354B}.Debug|ARM.Deploy.0 = Debug|ARM
		{8E9F545C-79CD-4696-BF41-E35BD036354B}.Debug|iPhone.ActiveCfg = Debug|x86
		{8E9F545C-79CD-4696-BF41-E35BD036354B}.Debug|iPhoneSimulator.ActiveCfg = Debug|x86
		{8E9F545C-79CD-4696-BF41-E35BD036354B}.Debug|x64.ActiveCfg = Debug|x64
		{8E9F545C-79CD-4696-BF41-E35BD036354B}.Debug|x64.Build.0 = Debug|x64
		{8E9F545C-79CD-4696-BF41-E35BD036354B}.Debug|x64.Deploy.0 = Debug|x64
		{8E9F545C-79CD-4696-BF41-E35BD036354B}.Debug|x86.ActiveCfg = Debug|x86
		{8E9F545C-79CD-4696-BF41-E35BD036354B}.Debug|x86.Build.0 = Debug|x86
		{8E9F545C-79CD-4696-BF41-E35BD036354B}.Debug|x86.Deploy.0 = Debug|x86
		{8E9F545C-79CD-4696-BF41-E35BD036354B}.Release|Any CPU.ActiveCfg = Release|x86
		{8E9F545C-79CD-4696-BF41-E35BD036354B}.Release|ARM.ActiveCfg = Release|ARM
		{8E9F545C-79CD-4696-BF41-E35BD036354B}.Release|ARM.Build.0 = Release|ARM
		{8E9F545C-79CD-4696-BF41-E35BD036354B}.Release|ARM.Deploy.0 = Release|ARM
		{8E9F545C-79CD-4696-BF41-E35BD036354B}.Release|iPhone.ActiveCfg = Release|x86
		{8E9F545C-79CD-4696-BF41-E35BD036354B}.Release|iPhoneSimulator.ActiveCfg = Release|x86
		{8E9F545C-79CD-4696-BF41-E35BD036354B}.Release|x64.ActiveCfg = Release|x64
		{8E9F545C-79CD-4696-BF41-E35BD036354B}.Release|x64.Build.0 = Release|x64
		{8E9F545C-79CD-4696-BF41-E35BD036354B}.Release|x64.Deploy.0 = Release|x64
		{8E9F545C-79CD-4696-BF41-E35BD036354B}.Release|x86.ActiveCfg = Release|x86
		{8E9F545C-79CD-4696-BF41-E35BD036354B}.Release|x86.Build.0 = Release|x86
		{8E9F545C-79CD-4696-BF41-E35BD036354B}.Release|x86.Deploy.0 = Release|x86
		{53A8D14E-76AE-4B18-9280-9A755BE09138}.Ad-Hoc|Any CPU.ActiveCfg = Debug|Any CPU
		{53A8D14E-76AE-4B18-9280-9A755BE09138}.Ad-Hoc|Any CPU.Build.0 = Debug|Any CPU
		{53A8D14E-76AE-4B18-9280-9A755BE09138}.Ad-Hoc|ARM.ActiveCfg = Debug|Any CPU
		{53A8D14E-76AE-4B18-9280-9A755BE09138}.Ad-Hoc|ARM.Build.0 = Debug|Any CPU
		{53A8D14E-76AE-4B18-9280-9A755BE09138}.Ad-Hoc|iPhone.ActiveCfg = Debug|Any CPU
		{53A8D14E-76AE-4B18-9280-9A755BE09138}.Ad-Hoc|iPhone.Build.0 = Debug|Any CPU
		{53A8D14E-76AE-4B18-9280-9A755BE09138}.Ad-Hoc|iPhoneSimulator.ActiveCfg = Debug|Any CPU
		{53A8D14E-76AE-4B18-9280-9A755BE09138}.Ad-Hoc|iPhoneSimulator.Build.0 = Debug|Any CPU
		{53A8D14E-76AE-4B18-9280-9A755BE09138}.Ad-Hoc|x64.ActiveCfg = Debug|Any CPU
		{53A8D14E-76AE-4B18-9280-9A755BE09138}.Ad-Hoc|x64.Build.0 = Debug|Any CPU
		{53A8D14E-76AE-4B18-9280-9A755BE09138}.Ad-Hoc|x86.ActiveCfg = Debug|Any CPU
		{53A8D14E-76AE-4B18-9280-9A755BE09138}.Ad-Hoc|x86.Build.0 = Debug|Any CPU
		{53A8D14E-76AE-4B18-9280-9A755BE09138}.AppStore|Any CPU.ActiveCfg = Debug|Any CPU
		{53A8D14E-76AE-4B18-9280-9A755BE09138}.AppStore|Any CPU.Build.0 = Debug|Any CPU
		{53A8D14E-76AE-4B18-9280-9A755BE09138}.AppStore|ARM.ActiveCfg = Debug|Any CPU
		{53A8D14E-76AE-4B18-9280-9A755BE09138}.AppStore|ARM.Build.0 = Debug|Any CPU
		{53A8D14E-76AE-4B18-9280-9A755BE09138}.AppStore|iPhone.ActiveCfg = Debug|Any CPU
		{53A8D14E-76AE-4B18-9280-9A755BE09138}.AppStore|iPhone.Build.0 = Debug|Any CPU
		{53A8D14E-76AE-4B18-9280-9A755BE09138}.AppStore|iPhoneSimulator.ActiveCfg = Debug|Any CPU
		{53A8D14E-76AE-4B18-9280-9A755BE09138}.AppStore|iPhoneSimulator.Build.0 = Debug|Any CPU
		{53A8D14E-76AE-4B18-9280-9A755BE09138}.AppStore|x64.ActiveCfg = Debug|Any CPU
		{53A8D14E-76AE-4B18-9280-9A755BE09138}.AppStore|x64.Build.0 = Debug|Any CPU
		{53A8D14E-76AE-4B18-9280-9A755BE09138}.AppStore|x86.ActiveCfg = Debug|Any CPU
		{53A8D14E-76AE-4B18-9280-9A755BE09138}.AppStore|x86.Build.0 = Debug|Any CPU
		{53A8D14E-76AE-4B18-9280-9A755BE09138}.Debug|Any CPU.ActiveCfg = Debug|Any CPU
		{53A8D14E-76AE-4B18-9280-9A755BE09138}.Debug|Any CPU.Build.0 = Debug|Any CPU
		{53A8D14E-76AE-4B18-9280-9A755BE09138}.Debug|ARM.ActiveCfg = Debug|Any CPU
		{53A8D14E-76AE-4B18-9280-9A755BE09138}.Debug|ARM.Build.0 = Debug|Any CPU
		{53A8D14E-76AE-4B18-9280-9A755BE09138}.Debug|iPhone.ActiveCfg = Debug|Any CPU
		{53A8D14E-76AE-4B18-9280-9A755BE09138}.Debug|iPhone.Build.0 = Debug|Any CPU
		{53A8D14E-76AE-4B18-9280-9A755BE09138}.Debug|iPhoneSimulator.ActiveCfg = Debug|Any CPU
		{53A8D14E-76AE-4B18-9280-9A755BE09138}.Debug|iPhoneSimulator.Build.0 = Debug|Any CPU
		{53A8D14E-76AE-4B18-9280-9A755BE09138}.Debug|x64.ActiveCfg = Debug|Any CPU
		{53A8D14E-76AE-4B18-9280-9A755BE09138}.Debug|x64.Build.0 = Debug|Any CPU
		{53A8D14E-76AE-4B18-9280-9A755BE09138}.Debug|x86.ActiveCfg = Debug|Any CPU
		{53A8D14E-76AE-4B18-9280-9A755BE09138}.Debug|x86.Build.0 = Debug|Any CPU
		{53A8D14E-76AE-4B18-9280-9A755BE09138}.Release|Any CPU.ActiveCfg = Release|Any CPU
		{53A8D14E-76AE-4B18-9280-9A755BE09138}.Release|Any CPU.Build.0 = Release|Any CPU
		{53A8D14E-76AE-4B18-9280-9A755BE09138}.Release|ARM.ActiveCfg = Release|Any CPU
		{53A8D14E-76AE-4B18-9280-9A755BE09138}.Release|ARM.Build.0 = Release|Any CPU
		{53A8D14E-76AE-4B18-9280-9A755BE09138}.Release|iPhone.ActiveCfg = Release|Any CPU
		{53A8D14E-76AE-4B18-9280-9A755BE09138}.Release|iPhone.Build.0 = Release|Any CPU
		{53A8D14E-76AE-4B18-9280-9A755BE09138}.Release|iPhoneSimulator.ActiveCfg = Release|Any CPU
		{53A8D14E-76AE-4B18-9280-9A755BE09138}.Release|iPhoneSimulator.Build.0 = Release|Any CPU
		{53A8D14E-76AE-4B18-9280-9A755BE09138}.Release|x64.ActiveCfg = Release|Any CPU
		{53A8D14E-76AE-4B18-9280-9A755BE09138}.Release|x64.Build.0 = Release|Any CPU
		{53A8D14E-76AE-4B18-9280-9A755BE09138}.Release|x86.ActiveCfg = Release|Any CPU
		{53A8D14E-76AE-4B18-9280-9A755BE09138}.Release|x86.Build.0 = Release|Any CPU
	EndGlobalSection
	GlobalSection(SolutionProperties) = preSolution
		HideSolutionNode = FALSE
	EndGlobalSection
	GlobalSection(ExtensibilityGlobals) = postSolution
		SolutionGuid = {67C380A1-FDF8-4F9E-860C-17D0437F6F25}
	EndGlobalSection
EndGlobal
